// !$*UTF8*$!
{
	archiveVersion = 1;
	classes = {
	};
	objectVersion = 50;
	objects = {

/* Begin PBXBuildFile section */
		378046772513345100077051 /* AppDelegate.m in Sources */ = {isa = PBXBuildFile; fileRef = 378046762513345100077051 /* AppDelegate.m */; };
		3780467A2513345100077051 /* SceneDelegate.m in Sources */ = {isa = PBXBuildFile; fileRef = 378046792513345100077051 /* SceneDelegate.m */; };
		3780467D2513345100077051 /* ViewController.m in Sources */ = {isa = PBXBuildFile; fileRef = 3780467C2513345100077051 /* ViewController.m */; };
		378046802513345100077051 /* Main.storyboard in Resources */ = {isa = PBXBuildFile; fileRef = 3780467E2513345100077051 /* Main.storyboard */; };
		378046822513345400077051 /* Assets.xcassets in Resources */ = {isa = PBXBuildFile; fileRef = 378046812513345400077051 /* Assets.xcassets */; };
		378046852513345400077051 /* LaunchScreen.storyboard in Resources */ = {isa = PBXBuildFile; fileRef = 378046832513345400077051 /* LaunchScreen.storyboard */; };
		378046882513345400077051 /* main.m in Sources */ = {isa = PBXBuildFile; fileRef = 378046872513345400077051 /* main.m */; };
		37804690251334C600077051 /* PKSpecificationsChoiseView.m in Sources */ = {isa = PBXBuildFile; fileRef = 3780468F251334C600077051 /* PKSpecificationsChoiseView.m */; };
		378046942513395800077051 /* PKSpecificationsChoiseCollectionViewCell.m in Sources */ = {isa = PBXBuildFile; fileRef = 378046922513395800077051 /* PKSpecificationsChoiseCollectionViewCell.m */; };
		378046952513395800077051 /* PKSpecificationsChoiseCollectionViewCell.xib in Resources */ = {isa = PBXBuildFile; fileRef = 378046932513395800077051 /* PKSpecificationsChoiseCollectionViewCell.xib */; };
		378046982513399B00077051 /* NSString+PKString.m in Sources */ = {isa = PBXBuildFile; fileRef = 378046972513399B00077051 /* NSString+PKString.m */; };
		3780469B2513405500077051 /* PKSpecificationSectionModal.m in Sources */ = {isa = PBXBuildFile; fileRef = 3780469A2513405500077051 /* PKSpecificationSectionModal.m */; };
		3780469F25136B1D00077051 /* PKSpecificationsReusableView.m in Sources */ = {isa = PBXBuildFile; fileRef = 3780469D25136B1D00077051 /* PKSpecificationsReusableView.m */; };
		378046A025136B1D00077051 /* PKSpecificationsReusableView.xib in Resources */ = {isa = PBXBuildFile; fileRef = 3780469E25136B1D00077051 /* PKSpecificationsReusableView.xib */; };
		378046A325136CE000077051 /* PKSpecificationsTopView.m in Sources */ = {isa = PBXBuildFile; fileRef = 378046A225136CE000077051 /* PKSpecificationsTopView.m */; };
		378046A62513736100077051 /* PPNumberButton.m in Sources */ = {isa = PBXBuildFile; fileRef = 378046A52513736100077051 /* PPNumberButton.m */; };
/* End PBXBuildFile section */

/* Begin PBXFileReference section */
		378046722513345100077051 /* PKSpecificationsChoice.app */ = {isa = PBXFileReference; explicitFileType = wrapper.application; includeInIndex = 0; path = PKSpecificationsChoice.app; sourceTree = BUILT_PRODUCTS_DIR; };
		378046752513345100077051 /* AppDelegate.h */ = {isa = PBXFileReference; lastKnownFileType = sourcecode.c.h; path = AppDelegate.h; sourceTree = "<group>"; };
		378046762513345100077051 /* AppDelegate.m */ = {isa = PBXFileReference; lastKnownFileType = sourcecode.c.objc; path = AppDelegate.m; sourceTree = "<group>"; };
		378046782513345100077051 /* SceneDelegate.h */ = {isa = PBXFileReference; lastKnownFileType = sourcecode.c.h; path = SceneDelegate.h; sourceTree = "<group>"; };
		378046792513345100077051 /* SceneDelegate.m */ = {isa = PBXFileReference; lastKnownFileType = sourcecode.c.objc; path = SceneDelegate.m; sourceTree = "<group>"; };
		3780467B2513345100077051 /* ViewController.h */ = {isa = PBXFileReference; lastKnownFileType = sourcecode.c.h; path = ViewController.h; sourceTree = "<group>"; };
		3780467C2513345100077051 /* ViewController.m */ = {isa = PBXFileReference; lastKnownFileType = sourcecode.c.objc; path = ViewController.m; sourceTree = "<group>"; };
		3780467F2513345100077051 /* Base */ = {isa = PBXFileReference; lastKnownFileType = file.storyboard; name = Base; path = Base.lproj/Main.storyboard; sourceTree = "<group>"; };
		378046812513345400077051 /* Assets.xcassets */ = {isa = PBXFileReference; lastKnownFileType = folder.assetcatalog; path = Assets.xcassets; sourceTree = "<group>"; };
		378046842513345400077051 /* Base */ = {isa = PBXFileReference; lastKnownFileType = file.storyboard; name = Base; path = Base.lproj/LaunchScreen.storyboard; sourceTree = "<group>"; };
		378046862513345400077051 /* Info.plist */ = {isa = PBXFileReference; lastKnownFileType = text.plist.xml; path = Info.plist; sourceTree = "<group>"; };
		378046872513345400077051 /* main.m */ = {isa = PBXFileReference; lastKnownFileType = sourcecode.c.objc; path = main.m; sourceTree = "<group>"; };
		3780468E251334C600077051 /* PKSpecificationsChoiseView.h */ = {isa = PBXFileReference; lastKnownFileType = sourcecode.c.h; path = PKSpecificationsChoiseView.h; sourceTree = "<group>"; };
		3780468F251334C600077051 /* PKSpecificationsChoiseView.m */ = {isa = PBXFileReference; lastKnownFileType = sourcecode.c.objc; path = PKSpecificationsChoiseView.m; sourceTree = "<group>"; };
		378046912513395800077051 /* PKSpecificationsChoiseCollectionViewCell.h */ = {isa = PBXFileReference; lastKnownFileType = sourcecode.c.h; path = PKSpecificationsChoiseCollectionViewCell.h; sourceTree = "<group>"; };
		378046922513395800077051 /* PKSpecificationsChoiseCollectionViewCell.m */ = {isa = PBXFileReference; lastKnownFileType = sourcecode.c.objc; path = PKSpecificationsChoiseCollectionViewCell.m; sourceTree = "<group>"; };
		378046932513395800077051 /* PKSpecificationsChoiseCollectionViewCell.xib */ = {isa = PBXFileReference; lastKnownFileType = file.xib; path = PKSpecificationsChoiseCollectionViewCell.xib; sourceTree = "<group>"; };
		378046962513399B00077051 /* NSString+PKString.h */ = {isa = PBXFileReference; lastKnownFileType = sourcecode.c.h; path = "NSString+PKString.h"; sourceTree = "<group>"; };
		378046972513399B00077051 /* NSString+PKString.m */ = {isa = PBXFileReference; lastKnownFileType = sourcecode.c.objc; path = "NSString+PKString.m"; sourceTree = "<group>"; };
		378046992513405500077051 /* PKSpecificationSectionModal.h */ = {isa = PBXFileReference; lastKnownFileType = sourcecode.c.h; path = PKSpecificationSectionModal.h; sourceTree = "<group>"; };
		3780469A2513405500077051 /* PKSpecificationSectionModal.m */ = {isa = PBXFileReference; lastKnownFileType = sourcecode.c.objc; path = PKSpecificationSectionModal.m; sourceTree = "<group>"; };
		3780469C25136B1D00077051 /* PKSpecificationsReusableView.h */ = {isa = PBXFileReference; lastKnownFileType = sourcecode.c.h; path = PKSpecificationsReusableView.h; sourceTree = "<group>"; };
		3780469D25136B1D00077051 /* PKSpecificationsReusableView.m */ = {isa = PBXFileReference; lastKnownFileType = sourcecode.c.objc; path = PKSpecificationsReusableView.m; sourceTree = "<group>"; };
		3780469E25136B1D00077051 /* PKSpecificationsReusableView.xib */ = {isa = PBXFileReference; lastKnownFileType = file.xib; path = PKSpecificationsReusableView.xib; sourceTree = "<group>"; };
		378046A125136CE000077051 /* PKSpecificationsTopView.h */ = {isa = PBXFileReference; lastKnownFileType = sourcecode.c.h; path = PKSpecificationsTopView.h; sourceTree = "<group>"; };
		378046A225136CE000077051 /* PKSpecificationsTopView.m */ = {isa = PBXFileReference; lastKnownFileType = sourcecode.c.objc; path = PKSpecificationsTopView.m; sourceTree = "<group>"; };
		378046A42513736000077051 /* PPNumberButton.h */ = {isa = PBXFileReference; fileEncoding = 4; lastKnownFileType = sourcecode.c.h; path = PPNumberButton.h; sourceTree = "<group>"; };
		378046A52513736100077051 /* PPNumberButton.m */ = {isa = PBXFileReference; fileEncoding = 4; lastKnownFileType = sourcecode.c.objc; path = PPNumberButton.m; sourceTree = "<group>"; };
/* End PBXFileReference section */

/* Begin PBXFrameworksBuildPhase section */
		3780466F2513345100077051 /* Frameworks */ = {
			isa = PBXFrameworksBuildPhase;
			buildActionMask = 2147483647;
			files = (
			);
			runOnlyForDeploymentPostprocessing = 0;
		};
/* End PBXFrameworksBuildPhase section */

/* Begin PBXGroup section */
		378046692513345100077051 = {
			isa = PBXGroup;
			children = (
				378046742513345100077051 /* PKSpecificationsChoice */,
				378046732513345100077051 /* Products */,
			);
			sourceTree = "<group>";
		};
		378046732513345100077051 /* Products */ = {
			isa = PBXGroup;
			children = (
				378046722513345100077051 /* PKSpecificationsChoice.app */,
			);
			name = Products;
			sourceTree = "<group>";
		};
		378046742513345100077051 /* PKSpecificationsChoice */ = {
			isa = PBXGroup;
			children = (
				378046752513345100077051 /* AppDelegate.h */,
				378046762513345100077051 /* AppDelegate.m */,
				378046782513345100077051 /* SceneDelegate.h */,
				378046792513345100077051 /* SceneDelegate.m */,
				3780467B2513345100077051 /* ViewController.h */,
				3780467C2513345100077051 /* ViewController.m */,
				378046A42513736000077051 /* PPNumberButton.h */,
				378046A52513736100077051 /* PPNumberButton.m */,
				3780468E251334C600077051 /* PKSpecificationsChoiseView.h */,
				3780468F251334C600077051 /* PKSpecificationsChoiseView.m */,
				378046A125136CE000077051 /* PKSpecificationsTopView.h */,
				378046A225136CE000077051 /* PKSpecificationsTopView.m */,
				3780469C25136B1D00077051 /* PKSpecificationsReusableView.h */,
				3780469D25136B1D00077051 /* PKSpecificationsReusableView.m */,
				3780469E25136B1D00077051 /* PKSpecificationsReusableView.xib */,
				378046992513405500077051 /* PKSpecificationSectionModal.h */,
				3780469A2513405500077051 /* PKSpecificationSectionModal.m */,
				378046962513399B00077051 /* NSString+PKString.h */,
				378046972513399B00077051 /* NSString+PKString.m */,
				378046912513395800077051 /* PKSpecificationsChoiseCollectionViewCell.h */,
				378046922513395800077051 /* PKSpecificationsChoiseCollectionViewCell.m */,
				378046932513395800077051 /* PKSpecificationsChoiseCollectionViewCell.xib */,
				3780467E2513345100077051 /* Main.storyboard */,
				378046812513345400077051 /* Assets.xcassets */,
				378046832513345400077051 /* LaunchScreen.storyboard */,
				378046862513345400077051 /* Info.plist */,
				378046872513345400077051 /* main.m */,
			);
			path = PKSpecificationsChoice;
			sourceTree = "<group>";
		};
/* End PBXGroup section */

/* Begin PBXNativeTarget section */
		378046712513345100077051 /* PKSpecificationsChoice */ = {
			isa = PBXNativeTarget;
			buildConfigurationList = 3780468B2513345400077051 /* Build configuration list for PBXNativeTarget "PKSpecificationsChoice" */;
			buildPhases = (
				3780466E2513345100077051 /* Sources */,
				3780466F2513345100077051 /* Frameworks */,
				378046702513345100077051 /* Resources */,
			);
			buildRules = (
			);
			dependencies = (
			);
			name = PKSpecificationsChoice;
			productName = PKSpecificationsChoice;
			productReference = 378046722513345100077051 /* PKSpecificationsChoice.app */;
			productType = "com.apple.product-type.application";
		};
/* End PBXNativeTarget section */

/* Begin PBXProject section */
		3780466A2513345100077051 /* Project object */ = {
			isa = PBXProject;
			attributes = {
				LastUpgradeCheck = 1170;
				ORGANIZATIONNAME = PK;
				TargetAttributes = {
					378046712513345100077051 = {
						CreatedOnToolsVersion = 11.7;
					};
				};
			};
			buildConfigurationList = 3780466D2513345100077051 /* Build configuration list for PBXProject "PKSpecificationsChoice" */;
			compatibilityVersion = "Xcode 9.3";
			developmentRegion = en;
			hasScannedForEncodings = 0;
			knownRegions = (
				en,
				Base,
			);
			mainGroup = 378046692513345100077051;
			productRefGroup = 378046732513345100077051 /* Products */;
			projectDirPath = "";
			projectRoot = "";
			targets = (
				378046712513345100077051 /* PKSpecificationsChoice */,
			);
		};
/* End PBXProject section */

/* Begin PBXResourcesBuildPhase section */
		378046702513345100077051 /* Resources */ = {
			isa = PBXResourcesBuildPhase;
			buildActionMask = 2147483647;
			files = (
				378046852513345400077051 /* LaunchScreen.storyboard in Resources */,
				378046A025136B1D00077051 /* PKSpecificationsReusableView.xib in Resources */,
				378046822513345400077051 /* Assets.xcassets in Resources */,
				378046952513395800077051 /* PKSpecificationsChoiseCollectionViewCell.xib in Resources */,
				378046802513345100077051 /* Main.storyboard in Resources */,
			);
			runOnlyForDeploymentPostprocessing = 0;
		};
/* End PBXResourcesBuildPhase section */

/* Begin PBXSourcesBuildPhase section */
		3780466E2513345100077051 /* Sources */ = {
			isa = PBXSourcesBuildPhase;
			buildActionMask = 2147483647;
			files = (
				378046942513395800077051 /* PKSpecificationsChoiseCollectionViewCell.m in Sources */,
				378046982513399B00077051 /* NSString+PKString.m in Sources */,
				3780467D2513345100077051 /* ViewController.m in Sources */,
				3780469F25136B1D00077051 /* PKSpecificationsReusableView.m in Sources */,
				378046772513345100077051 /* AppDelegate.m in Sources */,
				37804690251334C600077051 /* PKSpecificationsChoiseView.m in Sources */,
				378046882513345400077051 /* main.m in Sources */,
				378046A62513736100077051 /* PPNumberButton.m in Sources */,
				3780469B2513405500077051 /* PKSpecificationSectionModal.m in Sources */,
				3780467A2513345100077051 /* SceneDelegate.m in Sources */,
				378046A325136CE000077051 /* PKSpecificationsTopView.m in Sources */,
			);
			runOnlyForDeploymentPostprocessing = 0;
		};
/* End PBXSourcesBuildPhase section */

/* Begin PBXVariantGroup section */
		3780467E2513345100077051 /* Main.storyboard */ = {
			isa = PBXVariantGroup;
			children = (
				3780467F2513345100077051 /* Base */,
			);
			name = Main.storyboard;
			sourceTree = "<group>";
		};
		378046832513345400077051 /* LaunchScreen.storyboard */ = {
			isa = PBXVariantGroup;
			children = (
				378046842513345400077051 /* Base */,
			);
			name = LaunchScreen.storyboard;
			sourceTree = "<group>";
		};
/* End PBXVariantGroup section */

/* Begin XCBuildConfiguration section */
		378046892513345400077051 /* Debug */ = {
			isa = XCBuildConfiguration;
			buildSettings = {
				ALWAYS_SEARCH_USER_PATHS = NO;
				CLANG_ANALYZER_NONNULL = YES;
				CLANG_ANALYZER_NUMBER_OBJECT_CONVERSION = YES_AGGRESSIVE;
				CLANG_CXX_LANGUAGE_STANDARD = "gnu++14";
				CLANG_CXX_LIBRARY = "libc++";
				CLANG_ENABLE_MODULES = YES;
				CLANG_ENABLE_OBJC_ARC = YES;
				CLANG_ENABLE_OBJC_WEAK = YES;
				CLANG_WARN_BLOCK_CAPTURE_AUTORELEASING = YES;
				CLANG_WARN_BOOL_CONVERSION = YES;
				CLANG_WARN_COMMA = YES;
				CLANG_WARN_CONSTANT_CONVERSION = YES;
				CLANG_WARN_DEPRECATED_OBJC_IMPLEMENTATIONS = YES;
				CLANG_WARN_DIRECT_OBJC_ISA_USAGE = YES_ERROR;
				CLANG_WARN_DOCUMENTATION_COMMENTS = YES;
				CLANG_WARN_EMPTY_BODY = YES;
				CLANG_WARN_ENUM_CONVERSION = YES;
				CLANG_WARN_INFINITE_RECURSION = YES;
				CLANG_WARN_INT_CONVERSION = YES;
				CLANG_WARN_NON_LITERAL_NULL_CONVERSION = YES;
				CLANG_WARN_OBJC_IMPLICIT_RETAIN_SELF = YES;
				CLANG_WARN_OBJC_LITERAL_CONVERSION = YES;
				CLANG_WARN_OBJC_ROOT_CLASS = YES_ERROR;
				CLANG_WARN_RANGE_LOOP_ANALYSIS = YES;
				CLANG_WARN_STRICT_PROTOTYPES = YES;
				CLANG_WARN_SUSPICIOUS_MOVE = YES;
				CLANG_WARN_UNGUARDED_AVAILABILITY = YES_AGGRESSIVE;
				CLANG_WARN_UNREACHABLE_CODE = YES;
				CLANG_WARN__DUPLICATE_METHOD_MATCH = YES;
				COPY_PHASE_STRIP = NO;
				DEBUG_INFORMATION_FORMAT = dwarf;
				ENABLE_STRICT_OBJC_MSGSEND = YES;
				ENABLE_TESTABILITY = YES;
				GCC_C_LANGUAGE_STANDARD = gnu11;
				GCC_DYNAMIC_NO_PIC = NO;
				GCC_NO_COMMON_BLOCKS = YES;
				GCC_OPTIMIZATION_LEVEL = 0;
				GCC_PREPROCESSOR_DEFINITIONS = (
					"DEBUG=1",
					"$(inherited)",
				);
				GCC_WARN_64_TO_32_BIT_CONVERSION = YES;
				GCC_WARN_ABOUT_RETURN_TYPE = YES_ERROR;
				GCC_WARN_UNDECLARED_SELECTOR = YES;
				GCC_WARN_UNINITIALIZED_AUTOS = YES_AGGRESSIVE;
				GCC_WARN_UNUSED_FUNCTION = YES;
				GCC_WARN_UNUSED_VARIABLE = YES;
				IPHONEOS_DEPLOYMENT_TARGET = 13.7;
				MTL_ENABLE_DEBUG_INFO = INCLUDE_SOURCE;
				MTL_FAST_MATH = YES;
				ONLY_ACTIVE_ARCH = YES;
				SDKROOT = iphoneos;
			};
			name = Debug;
		};
		3780468A2513345400077051 /* Release */ = {
			isa = XCBuildConfiguration;
			buildSettings = {
				ALWAYS_SEARCH_USER_PATHS = NO;
				CLANG_ANALYZER_NONNULL = YES;
				CLANG_ANALYZER_NUMBER_OBJECT_CONVERSION = YES_AGGRESSIVE;
				CLANG_CXX_LANGUAGE_STANDARD = "gnu++14";
				CLANG_CXX_LIBRARY = "libc++";
				CLANG_ENABLE_MODULES = YES;
				CLANG_ENABLE_OBJC_ARC = YES;
				CLANG_ENABLE_OBJC_WEAK = YES;
				CLANG_WARN_BLOCK_CAPTURE_AUTORELEASING = YES;
				CLANG_WARN_BOOL_CONVERSION = YES;
				CLANG_WARN_COMMA = YES;
				CLANG_WARN_CONSTANT_CONVERSION = YES;
				CLANG_WARN_DEPRECATED_OBJC_IMPLEMENTATIONS = YES;
				CLANG_WARN_DIRECT_OBJC_ISA_USAGE = YES_ERROR;
				CLANG_WARN_DOCUMENTATION_COMMENTS = YES;
				CLANG_WARN_EMPTY_BODY = YES;
				CLANG_WARN_ENUM_CONVERSION = YES;
				CLANG_WARN_INFINITE_RECURSION = YES;
				CLANG_WARN_INT_CONVERSION = YES;
				CLANG_WARN_NON_LITERAL_NULL_CONVERSION = YES;
				CLANG_WARN_OBJC_IMPLICIT_RETAIN_SELF = YES;
				CLANG_WARN_OBJC_LITERAL_CONVERSION = YES;
				CLANG_WARN_OBJC_ROOT_CLASS = YES_ERROR;
				CLANG_WARN_RANGE_LOOP_ANALYSIS = YES;
				CLANG_WARN_STRICT_PROTOTYPES = YES;
				CLANG_WARN_SUSPICIOUS_MOVE = YES;
				CLANG_WARN_UNGUARDED_AVAILABILITY = YES_AGGRESSIVE;
				CLANG_WARN_UNREACHABLE_CODE = YES;
				CLANG_WARN__DUPLICATE_METHOD_MATCH = YES;
				COPY_PHASE_STRIP = NO;
				DEBUG_INFORMATION_FORMAT = "dwarf-with-dsym";
				ENABLE_NS_ASSERTIONS = NO;
				ENABLE_STRICT_OBJC_MSGSEND = YES;
				GCC_C_LANGUAGE_STANDARD = gnu11;
				GCC_NO_COMMON_BLOCKS = YES;
				GCC_WARN_64_TO_32_BIT_CONVERSION = YES;
				GCC_WARN_ABOUT_RETURN_TYPE = YES_ERROR;
				GCC_WARN_UNDECLARED_SELECTOR = YES;
				GCC_WARN_UNINITIALIZED_AUTOS = YES_AGGRESSIVE;
				GCC_WARN_UNUSED_FUNCTION = YES;
				GCC_WARN_UNUSED_VARIABLE = YES;
				IPHONEOS_DEPLOYMENT_TARGET = 13.7;
				MTL_ENABLE_DEBUG_INFO = NO;
				MTL_FAST_MATH = YES;
				SDKROOT = iphoneos;
				VALIDATE_PRODUCT = YES;
			};
			name = Release;
		};
		3780468C2513345400077051 /* Debug */ = {
			isa = XCBuildConfiguration;
			buildSettings = {
				ASSETCATALOG_COMPILER_APPICON_NAME = AppIcon;
				CODE_SIGN_STYLE = Automatic;
				DEVELOPMENT_TEAM = PAZP549G82;
				INFOPLIST_FILE = PKSpecificationsChoice/Info.plist;
				LD_RUNPATH_SEARCH_PATHS = (
					"$(inherited)",
					"@executable_path/Frameworks",
				);
				PRODUCT_BUNDLE_IDENTIFIER = PinkJoker.PKSpecificationsChoice;
				PRODUCT_NAME = "$(TARGET_NAME)";
				TARGETED_DEVICE_FAMILY = "1,2";
			};
			name = Debug;
		};
		3780468D2513345400077051 /* Release */ = {
			isa = XCBuildConfiguration;
			buildSettings = {
				ASSETCATALOG_COMPILER_APPICON_NAME = AppIcon;
				CODE_SIGN_STYLE = Automatic;
				DEVELOPMENT_TEAM = PAZP549G82;
				INFOPLIST_FILE = PKSpecificationsChoice/Info.plist;
				LD_RUNPATH_SEARCH_PATHS = (
					"$(inherited)",
					"@executable_path/Frameworks",
				);
				PRODUCT_BUNDLE_IDENTIFIER = PinkJoker.PKSpecificationsChoice;
				PRODUCT_NAME = "$(TARGET_NAME)";
				TARGETED_DEVICE_FAMILY = "1,2";
			};
			name = Release;
		};
/* End XCBuildConfiguration section */

/* Begin XCConfigurationList section */
		3780466D2513345100077051 /* Build configuration list for PBXProject "PKSpecificationsChoice" */ = {
			isa = XCConfigurationList;
			buildConfigurations = (
				378046892513345400077051 /* Debug */,
				3780468A2513345400077051 /* Release */,
			);
			defaultConfigurationIsVisible = 0;
			defaultConfigurationName = Release;
		};
		3780468B2513345400077051 /* Build configuration list for PBXNativeTarget "PKSpecificationsChoice" */ = {
			isa = XCConfigurationList;
			buildConfigurations = (
				3780468C2513345400077051 /* Debug */,
				3780468D2513345400077051 /* Release */,
			);
			defaultConfigurationIsVisible = 0;
			defaultConfigurationName = Release;
		};
/* End XCConfigurationList section */
	};
	rootObject = 3780466A2513345100077051 /* Project object */;
}
